
Microsoft Visual Studio Solution File, Format Version 10.00
# Visual Studio 2008
Project("{8BC9CEB8-8B4A-11D0-8D11-00A0C91BC942}") = "test_ga", "test_ga\test_ga.vcproj", "{ABC09E87-B3C2-448E-8DE2-64A217318228}"
EndProject
Global
	GlobalSection(SolutionConfigurationPlatforms) = preSolution
		Debug|Win32 = Debug|Win32
		Release|Win32 = Release|Win32
	EndGlobalSection
	GlobalSection(ProjectConfigurationPlatforms) = postSolution
		{ABC09E87-B3C2-448E-8DE2-64A217318228}.Debug|Win32.ActiveCfg = Debug|Win32
		{ABC09E87-B3C2-448E-8DE2-64A217318228}.Debug|Win32.Build.0 = Debug|Win32
		{ABC09E87-B3C2-448E-8DE2-64A217318228}.Release|Win32.ActiveCfg = Release|Win32
		{ABC09E87-B3C2-448E-8DE2-64A217318228}.Release|Win32.Build.0 = Release|Win32
	EndGlobalSection
	GlobalSection(SolutionProperties) = preSolution
		HideSolutionNode = FALSE
	EndGlobalSection
EndGlobal
