
Microsoft Visual Studio Solution File, Format Version 10.00
# Visual Studio 2008
Project("{8BC9CEB8-8B4A-11D0-8D11-00A0C91BC942}") = "BSD_EFO_USG", "..\BSD_EFO_USG\BSD_EFO_USG.vcproj", "{866BEDFF-F7A7-441F-A4CD-E4640119B333}"
EndProject
Project("{8BC9CEB8-8B4A-11D0-8D11-00A0C91BC942}") = "MotAlgo_Lib", "..\MtnAlgo\MotAlgo_Lib.vcproj", "{EB14C717-72C0-4BD7-B582-8C4FD10DEA52}"
EndProject
Project("{8BC9CEB8-8B4A-11D0-8D11-00A0C91BC942}") = "WB_USG_FSM", "..\WB_USG_FSM\WB_USG_FSM.vcproj", "{A745864C-F995-40C8-880A-611BFF7E2B70}"
EndProject
Project("{8BC9CEB8-8B4A-11D0-8D11-00A0C91BC942}") = "MotionTester_03", "MotionTester_03.vcproj", "{9F394B6D-71BB-46B5-9647-40DE59D59904}"
	ProjectSection(ProjectDependencies) = postProject
		{1061EF0C-C49B-49BF-B231-3A33CD1E1A6D} = {1061EF0C-C49B-49BF-B231-3A33CD1E1A6D}
		{EB14C717-72C0-4BD7-B582-8C4FD10DEA52} = {EB14C717-72C0-4BD7-B582-8C4FD10DEA52}
		{A971F233-34FE-4B0F-A897-4FAD4BBA0A4F} = {A971F233-34FE-4B0F-A897-4FAD4BBA0A4F}
		{8F8A6540-C97A-478C-8CEA-1E410BE337DA} = {8F8A6540-C97A-478C-8CEA-1E410BE337DA}
		{A745864C-F995-40C8-880A-611BFF7E2B70} = {A745864C-F995-40C8-880A-611BFF7E2B70}
		{2A6D868F-94B6-45AD-9AB3-FB4317C77F72} = {2A6D868F-94B6-45AD-9AB3-FB4317C77F72}
		{866BEDFF-F7A7-441F-A4CD-E4640119B333} = {866BEDFF-F7A7-441F-A4CD-E4640119B333}
	EndProjectSection
EndProject
Project("{8BC9CEB8-8B4A-11D0-8D11-00A0C91BC942}") = "WB_MotionLib", "..\WB_MotionLib\WB_MotionLib.vcproj", "{A971F233-34FE-4B0F-A897-4FAD4BBA0A4F}"
EndProject
Project("{8BC9CEB8-8B4A-11D0-8D11-00A0C91BC942}") = "MotAlgo_DLL", "..\MtnAlgo\MotAlgo_DLL\MotAlgo_DLL.vcproj", "{1061EF0C-C49B-49BF-B231-3A33CD1E1A6D}"
	ProjectSection(ProjectDependencies) = postProject
		{8F8A6540-C97A-478C-8CEA-1E410BE337DA} = {8F8A6540-C97A-478C-8CEA-1E410BE337DA}
	EndProjectSection
EndProject
Project("{8BC9CEB8-8B4A-11D0-8D11-00A0C91BC942}") = "BSD_DLL", "..\BSD_EFO_USG\BSD_DLL\BSD_DLL.vcproj", "{2A6D868F-94B6-45AD-9AB3-FB4317C77F72}"
EndProject
Project("{8BC9CEB8-8B4A-11D0-8D11-00A0C91BC942}") = "ServoTuningLib", "..\ServoTuningWB\ServoTuningLib\ServoTuningLib.vcproj", "{8F8A6540-C97A-478C-8CEA-1E410BE337DA}"
EndProject
Global
	GlobalSection(SolutionConfigurationPlatforms) = preSolution
		Debug|Win32 = Debug|Win32
		Release|Win32 = Release|Win32
		RoyaTester|Win32 = RoyaTester|Win32
	EndGlobalSection
	GlobalSection(ProjectConfigurationPlatforms) = postSolution
		{866BEDFF-F7A7-441F-A4CD-E4640119B333}.Debug|Win32.ActiveCfg = Debug|Win32
		{866BEDFF-F7A7-441F-A4CD-E4640119B333}.Debug|Win32.Build.0 = Debug|Win32
		{866BEDFF-F7A7-441F-A4CD-E4640119B333}.Release|Win32.ActiveCfg = Release|Win32
		{866BEDFF-F7A7-441F-A4CD-E4640119B333}.Release|Win32.Build.0 = Release|Win32
		{866BEDFF-F7A7-441F-A4CD-E4640119B333}.RoyaTester|Win32.ActiveCfg = Release|Win32
		{866BEDFF-F7A7-441F-A4CD-E4640119B333}.RoyaTester|Win32.Build.0 = Release|Win32
		{EB14C717-72C0-4BD7-B582-8C4FD10DEA52}.Debug|Win32.ActiveCfg = Debug|Win32
		{EB14C717-72C0-4BD7-B582-8C4FD10DEA52}.Debug|Win32.Build.0 = Debug|Win32
		{EB14C717-72C0-4BD7-B582-8C4FD10DEA52}.Release|Win32.ActiveCfg = Release|Win32
		{EB14C717-72C0-4BD7-B582-8C4FD10DEA52}.Release|Win32.Build.0 = Release|Win32
		{EB14C717-72C0-4BD7-B582-8C4FD10DEA52}.RoyaTester|Win32.ActiveCfg = Release|Win32
		{EB14C717-72C0-4BD7-B582-8C4FD10DEA52}.RoyaTester|Win32.Build.0 = Release|Win32
		{A745864C-F995-40C8-880A-611BFF7E2B70}.Debug|Win32.ActiveCfg = Debug|Win32
		{A745864C-F995-40C8-880A-611BFF7E2B70}.Debug|Win32.Build.0 = Debug|Win32
		{A745864C-F995-40C8-880A-611BFF7E2B70}.Release|Win32.ActiveCfg = Release|Win32
		{A745864C-F995-40C8-880A-611BFF7E2B70}.Release|Win32.Build.0 = Release|Win32
		{A745864C-F995-40C8-880A-611BFF7E2B70}.RoyaTester|Win32.ActiveCfg = Release|Win32
		{A745864C-F995-40C8-880A-611BFF7E2B70}.RoyaTester|Win32.Build.0 = Release|Win32
		{9F394B6D-71BB-46B5-9647-40DE59D59904}.Debug|Win32.ActiveCfg = Debug|Win32
		{9F394B6D-71BB-46B5-9647-40DE59D59904}.Debug|Win32.Build.0 = Debug|Win32
		{9F394B6D-71BB-46B5-9647-40DE59D59904}.Release|Win32.ActiveCfg = Release|Win32
		{9F394B6D-71BB-46B5-9647-40DE59D59904}.Release|Win32.Build.0 = Release|Win32
		{9F394B6D-71BB-46B5-9647-40DE59D59904}.RoyaTester|Win32.ActiveCfg = RoyaTester|Win32
		{9F394B6D-71BB-46B5-9647-40DE59D59904}.RoyaTester|Win32.Build.0 = RoyaTester|Win32
		{A971F233-34FE-4B0F-A897-4FAD4BBA0A4F}.Debug|Win32.ActiveCfg = Debug|Win32
		{A971F233-34FE-4B0F-A897-4FAD4BBA0A4F}.Debug|Win32.Build.0 = Debug|Win32
		{A971F233-34FE-4B0F-A897-4FAD4BBA0A4F}.Release|Win32.ActiveCfg = Release|Win32
		{A971F233-34FE-4B0F-A897-4FAD4BBA0A4F}.Release|Win32.Build.0 = Release|Win32
		{A971F233-34FE-4B0F-A897-4FAD4BBA0A4F}.RoyaTester|Win32.ActiveCfg = Release|Win32
		{A971F233-34FE-4B0F-A897-4FAD4BBA0A4F}.RoyaTester|Win32.Build.0 = Release|Win32
		{1061EF0C-C49B-49BF-B231-3A33CD1E1A6D}.Debug|Win32.ActiveCfg = Debug|Win32
		{1061EF0C-C49B-49BF-B231-3A33CD1E1A6D}.Debug|Win32.Build.0 = Debug|Win32
		{1061EF0C-C49B-49BF-B231-3A33CD1E1A6D}.Release|Win32.ActiveCfg = Release|Win32
		{1061EF0C-C49B-49BF-B231-3A33CD1E1A6D}.Release|Win32.Build.0 = Release|Win32
		{1061EF0C-C49B-49BF-B231-3A33CD1E1A6D}.RoyaTester|Win32.ActiveCfg = Release|Win32
		{1061EF0C-C49B-49BF-B231-3A33CD1E1A6D}.RoyaTester|Win32.Build.0 = Release|Win32
		{2A6D868F-94B6-45AD-9AB3-FB4317C77F72}.Debug|Win32.ActiveCfg = Debug|Win32
		{2A6D868F-94B6-45AD-9AB3-FB4317C77F72}.Debug|Win32.Build.0 = Debug|Win32
		{2A6D868F-94B6-45AD-9AB3-FB4317C77F72}.Release|Win32.ActiveCfg = Release|Win32
		{2A6D868F-94B6-45AD-9AB3-FB4317C77F72}.Release|Win32.Build.0 = Release|Win32
		{2A6D868F-94B6-45AD-9AB3-FB4317C77F72}.RoyaTester|Win32.ActiveCfg = Release|Win32
		{2A6D868F-94B6-45AD-9AB3-FB4317C77F72}.RoyaTester|Win32.Build.0 = Release|Win32
		{8F8A6540-C97A-478C-8CEA-1E410BE337DA}.Debug|Win32.ActiveCfg = Debug|Win32
		{8F8A6540-C97A-478C-8CEA-1E410BE337DA}.Debug|Win32.Build.0 = Debug|Win32
		{8F8A6540-C97A-478C-8CEA-1E410BE337DA}.Release|Win32.ActiveCfg = Release|Win32
		{8F8A6540-C97A-478C-8CEA-1E410BE337DA}.Release|Win32.Build.0 = Release|Win32
		{8F8A6540-C97A-478C-8CEA-1E410BE337DA}.RoyaTester|Win32.ActiveCfg = Release|Win32
		{8F8A6540-C97A-478C-8CEA-1E410BE337DA}.RoyaTester|Win32.Build.0 = Release|Win32
	EndGlobalSection
	GlobalSection(SolutionProperties) = preSolution
		HideSolutionNode = FALSE
	EndGlobalSection
EndGlobal
